
Microsoft Visual Studio Solution File, Format Version 12.00
# Visual Studio Version 16
VisualStudioVersion = 16.0.28922.388
MinimumVisualStudioVersion = 10.0.40219.1
Project("{9A19103F-16F7-4668-BE54-9A1E7A4F7556}") = "TFSWebApplication", "TFSWebApplication\TFSWebApplication.csproj", "{3D52D9F6-4653-4C9E-9439-D85BB312F66C}"
EndProject
Project("{FAE04EC0-301F-11D3-BF4B-00C04F79EFBC}") = "TFSCommon", "..\TFSCommon\TFSCommon\TFSCommon.csproj", "{6A59E885-7598-496A-95B9-0164EDD8F342}"
EndProject
Project("{FAE04EC0-301F-11D3-BF4B-00C04F79EFBC}") = "TFSWebApplication.Migrations", "TFSWebApplication.Migrations\TFSWebApplication.Migrations.csproj", "{12A91C00-114A-4023-9D57-CB9B1B33F3EA}"
EndProject
Global
	GlobalSection(SolutionConfigurationPlatforms) = preSolution
		Debug|Any CPU = Debug|Any CPU
		Release|Any CPU = Release|Any CPU
	EndGlobalSection
	GlobalSection(ProjectConfigurationPlatforms) = postSolution
		{3D52D9F6-4653-4C9E-9439-D85BB312F66C}.Debug|Any CPU.ActiveCfg = Debug|Any CPU
		{3D52D9F6-4653-4C9E-9439-D85BB312F66C}.Debug|Any CPU.Build.0 = Debug|Any CPU
		{3D52D9F6-4653-4C9E-9439-D85BB312F66C}.Release|Any CPU.ActiveCfg = Release|Any CPU
		{3D52D9F6-4653-4C9E-9439-D85BB312F66C}.Release|Any CPU.Build.0 = Release|Any CPU
		{6A59E885-7598-496A-95B9-0164EDD8F342}.Debug|Any CPU.ActiveCfg = Debug|Any CPU
		{6A59E885-7598-496A-95B9-0164EDD8F342}.Debug|Any CPU.Build.0 = Debug|Any CPU
		{6A59E885-7598-496A-95B9-0164EDD8F342}.Release|Any CPU.ActiveCfg = Release|Any CPU
		{6A59E885-7598-496A-95B9-0164EDD8F342}.Release|Any CPU.Build.0 = Release|Any CPU
		{12A91C00-114A-4023-9D57-CB9B1B33F3EA}.Debug|Any CPU.ActiveCfg = Debug|Any CPU
		{12A91C00-114A-4023-9D57-CB9B1B33F3EA}.Debug|Any CPU.Build.0 = Debug|Any CPU
		{12A91C00-114A-4023-9D57-CB9B1B33F3EA}.Release|Any CPU.ActiveCfg = Release|Any CPU
		{12A91C00-114A-4023-9D57-CB9B1B33F3EA}.Release|Any CPU.Build.0 = Release|Any CPU
	EndGlobalSection
	GlobalSection(SolutionProperties) = preSolution
		HideSolutionNode = FALSE
	EndGlobalSection
	GlobalSection(ExtensibilityGlobals) = postSolution
		SolutionGuid = {EF52DCAC-A139-4C91-93C0-032B2BF74DE4}
	EndGlobalSection
EndGlobal
