
Microsoft Visual Studio Solution File, Format Version 12.00
# Visual Studio 15
VisualStudioVersion = 15.0.28307.572
MinimumVisualStudioVersion = 10.0.40219.1
Project("{FAE04EC0-301F-11D3-BF4B-00C04F79EFBC}") = "TFSTestCaseAttachments", "TFSTestCaseAttachments\TFSTestCaseAttachments.csproj", "{D0D12A9B-1BE0-4F00-A7C1-7CD85963BA3C}"
EndProject
Project("{FAE04EC0-301F-11D3-BF4B-00C04F79EFBC}") = "TFSCommon", "..\TFSCommon\TFSCommon\TFSCommon.csproj", "{6A59E885-7598-496A-95B9-0164EDD8F342}"
EndProject
Global
	GlobalSection(SolutionConfigurationPlatforms) = preSolution
		Debug|Any CPU = Debug|Any CPU
		Release|Any CPU = Release|Any CPU
	EndGlobalSection
	GlobalSection(ProjectConfigurationPlatforms) = postSolution
		{D0D12A9B-1BE0-4F00-A7C1-7CD85963BA3C}.Debug|Any CPU.ActiveCfg = Debug|Any CPU
		{D0D12A9B-1BE0-4F00-A7C1-7CD85963BA3C}.Debug|Any CPU.Build.0 = Debug|Any CPU
		{D0D12A9B-1BE0-4F00-A7C1-7CD85963BA3C}.Release|Any CPU.ActiveCfg = Release|Any CPU
		{D0D12A9B-1BE0-4F00-A7C1-7CD85963BA3C}.Release|Any CPU.Build.0 = Release|Any CPU
		{6A59E885-7598-496A-95B9-0164EDD8F342}.Debug|Any CPU.ActiveCfg = Debug|Any CPU
		{6A59E885-7598-496A-95B9-0164EDD8F342}.Debug|Any CPU.Build.0 = Debug|Any CPU
		{6A59E885-7598-496A-95B9-0164EDD8F342}.Release|Any CPU.ActiveCfg = Release|Any CPU
		{6A59E885-7598-496A-95B9-0164EDD8F342}.Release|Any CPU.Build.0 = Release|Any CPU
	EndGlobalSection
	GlobalSection(SolutionProperties) = preSolution
		HideSolutionNode = FALSE
	EndGlobalSection
	GlobalSection(ExtensibilityGlobals) = postSolution
		SolutionGuid = {2B230FDA-0C10-4B6E-958B-580F73AEE6FE}
	EndGlobalSection
EndGlobal
